{
  "name": "gunslinger",
  "lockfileVersion": 2,
  "requires": true,
  "packages": {
    "": {
      "dependencies": {
        "www": "^0.0.0"
      }
    },
    "node_modules/autoquit": {
      "version": "0.1.6",
      "resolved": "https://registry.npmjs.org/autoquit/-/autoquit-0.1.6.tgz",
      "integrity": "sha512-c8hHVgGl62xGtpk6dO1q+peB1Ey7d71EkctkuW5QY16NMTdPB1iWtwruPGP4UNOrkO9OBiUx7R4nFaU8qBtF7g==",
      "engines": {
        "node": ">=0.4.0"
      }
    },
    "node_modules/www": {
      "version": "0.0.0",
      "resolved": "https://registry.npmjs.org/www/-/www-0.0.0.tgz",
      "integrity": "sha512-aL8OGdux0pfOQZk9srXGlFFMeqFw9eCd8JYBO8IepUHKCel6GhEvk/BcyiGaNpqPDap93j0kAVkSQqViglg5Kw==",
      "dependencies": {
        "autoquit": "~0.1.4"
      }
    }
  },
  "dependencies": {
    "autoquit": {
      "version": "0.1.6",
      "resolved": "https://registry.npmjs.org/autoquit/-/autoquit-0.1.6.tgz",
      "integrity": "sha512-c8hHVgGl62xGtpk6dO1q+peB1Ey7d71EkctkuW5QY16NMTdPB1iWtwruPGP4UNOrkO9OBiUx7R4nFaU8qBtF7g=="
    },
    "www": {
      "version": "0.0.0",
      "resolved": "https://registry.npmjs.org/www/-/www-0.0.0.tgz",
      "integrity": "sha512-aL8OGdux0pfOQZk9srXGlFFMeqFw9eCd8JYBO8IepUHKCel6GhEvk/BcyiGaNpqPDap93j0kAVkSQqViglg5Kw==",
      "requires": {
        "autoquit": "~0.1.4"
      }
    }
  }
}
